
Microsoft Visual Studio Solution File, Format Version 12.00
# Visual Studio 15
VisualStudioVersion = 15.0.27703.2026
MinimumVisualStudioVersion = 10.0.40219.1
Project("{FAE04EC0-301F-11D3-BF4B-00C04F79EFBC}") = "Proficy.Historian.Gateway.Service", "Proficy.Historian.Gateway.Service\Proficy.Historian.Gateway.Service.csproj", "{9F83B38D-B40D-4C54-8462-18FCB8B78B0E}"
EndProject
Project("{FAE04EC0-301F-11D3-BF4B-00C04F79EFBC}") = "Proficy.Historian.Gateway.Shared", "Proficy.Historian.Gateway.Shared\Proficy.Historian.Gateway.Shared.csproj", "{A463314D-0D21-47E8-A5ED-971CBA36AD82}"
EndProject
Project("{FAE04EC0-301F-11D3-BF4B-00C04F79EFBC}") = "Proficy.Historian.Client", "Proficy.Historian.Client\Proficy.Historian.Client.csproj", "{A4992B01-9B6E-4552-B2B4-C16808476553}"
EndProject
Project("{FAE04EC0-301F-11D3-BF4B-00C04F79EFBC}") = "Proficy.Historian.WebSocket", "Proficy.Historian.WebSocket\Proficy.Historian.WebSocket.csproj", "{E1994DF5-7632-487F-AE3B-C918552326BA}"
EndProject
Project("{2150E333-8FDC-42A3-9474-1A3956D46DE8}") = "Solution Items", "Solution Items", "{C2995B8A-39FC-412F-B047-30D7325E3394}"
	ProjectSection(SolutionItems) = preProject
		LICENSE = LICENSE
		README.md = README.md
	EndProjectSection
EndProject
Project("{FAE04EC0-301F-11D3-BF4B-00C04F79EFBC}") = "Proficy.Historian.Gateway.Mock", "Proficy.Historian.Gateway.Mock\Proficy.Historian.Gateway.Mock.csproj", "{90AA9B65-FD4C-4357-A9AB-CC3C3AED7F5A}"
EndProject
Project("{FAE04EC0-301F-11D3-BF4B-00C04F79EFBC}") = "Proficy.Historian.Gateway.RabbitMQ", "Proficy.Historian.Gateway.RabbitMQ\Proficy.Historian.Gateway.RabbitMQ.csproj", "{68C42ED9-71A1-4BB7-B740-17C53BB0AEE8}"
EndProject
Global
	GlobalSection(SolutionConfigurationPlatforms) = preSolution
		Debug|Any CPU = Debug|Any CPU
		Release|Any CPU = Release|Any CPU
	EndGlobalSection
	GlobalSection(ProjectConfigurationPlatforms) = postSolution
		{9F83B38D-B40D-4C54-8462-18FCB8B78B0E}.Debug|Any CPU.ActiveCfg = Debug|Any CPU
		{9F83B38D-B40D-4C54-8462-18FCB8B78B0E}.Debug|Any CPU.Build.0 = Debug|Any CPU
		{9F83B38D-B40D-4C54-8462-18FCB8B78B0E}.Release|Any CPU.ActiveCfg = Release|Any CPU
		{9F83B38D-B40D-4C54-8462-18FCB8B78B0E}.Release|Any CPU.Build.0 = Release|Any CPU
		{A463314D-0D21-47E8-A5ED-971CBA36AD82}.Debug|Any CPU.ActiveCfg = Debug|Any CPU
		{A463314D-0D21-47E8-A5ED-971CBA36AD82}.Debug|Any CPU.Build.0 = Debug|Any CPU
		{A463314D-0D21-47E8-A5ED-971CBA36AD82}.Release|Any CPU.ActiveCfg = Release|Any CPU
		{A463314D-0D21-47E8-A5ED-971CBA36AD82}.Release|Any CPU.Build.0 = Release|Any CPU
		{A4992B01-9B6E-4552-B2B4-C16808476553}.Debug|Any CPU.ActiveCfg = Debug|Any CPU
		{A4992B01-9B6E-4552-B2B4-C16808476553}.Debug|Any CPU.Build.0 = Debug|Any CPU
		{A4992B01-9B6E-4552-B2B4-C16808476553}.Release|Any CPU.ActiveCfg = Release|Any CPU
		{A4992B01-9B6E-4552-B2B4-C16808476553}.Release|Any CPU.Build.0 = Release|Any CPU
		{E1994DF5-7632-487F-AE3B-C918552326BA}.Debug|Any CPU.ActiveCfg = Debug|Any CPU
		{E1994DF5-7632-487F-AE3B-C918552326BA}.Debug|Any CPU.Build.0 = Debug|Any CPU
		{E1994DF5-7632-487F-AE3B-C918552326BA}.Release|Any CPU.ActiveCfg = Release|Any CPU
		{E1994DF5-7632-487F-AE3B-C918552326BA}.Release|Any CPU.Build.0 = Release|Any CPU
		{90AA9B65-FD4C-4357-A9AB-CC3C3AED7F5A}.Debug|Any CPU.ActiveCfg = Debug|Any CPU
		{90AA9B65-FD4C-4357-A9AB-CC3C3AED7F5A}.Debug|Any CPU.Build.0 = Debug|Any CPU
		{90AA9B65-FD4C-4357-A9AB-CC3C3AED7F5A}.Release|Any CPU.ActiveCfg = Release|Any CPU
		{90AA9B65-FD4C-4357-A9AB-CC3C3AED7F5A}.Release|Any CPU.Build.0 = Release|Any CPU
		{68C42ED9-71A1-4BB7-B740-17C53BB0AEE8}.Debug|Any CPU.ActiveCfg = Debug|Any CPU
		{68C42ED9-71A1-4BB7-B740-17C53BB0AEE8}.Debug|Any CPU.Build.0 = Debug|Any CPU
		{68C42ED9-71A1-4BB7-B740-17C53BB0AEE8}.Release|Any CPU.ActiveCfg = Release|Any CPU
		{68C42ED9-71A1-4BB7-B740-17C53BB0AEE8}.Release|Any CPU.Build.0 = Release|Any CPU
	EndGlobalSection
	GlobalSection(SolutionProperties) = preSolution
		HideSolutionNode = FALSE
	EndGlobalSection
	GlobalSection(ExtensibilityGlobals) = postSolution
		SolutionGuid = {A452688E-57FF-4563-BCEF-444CDAE807EC}
	EndGlobalSection
EndGlobal
